github.com/google/go-cmp v0.5.9/go.mod h1:17dUlkBOakJ0+DkrSSNjCkIjxS6bF9zb3elmeNGIjoY=
github.com/google/go-cmp v0.7.0/go.mod h1:pXiqmnSA92OHEEa9HXL2W4E7lf9JzCmGVUdgjX3N/iU=
github.com/stretchr/testify v1.10.0/go.mod h1:r2ic/lqez/lEtzL7wO/rwa5dbSLXVDPFyf8C91i36aY=
gopkg.in/check.v1 v0.0.0-20161208181325-20d25e280405/go.mod h1:Co6ibVJAznAaIkqp8huTwlJQCZ016jof/cbN4VW5Yz0=
k8s.io/api v0.33.2/go.mod h1:fhrbphQJSM2cXzCWgqU29xLDuks4mu7ti9vveEnpSXs=
k8s.io/apiextensions-apiserver v0.33.2/go.mod h1:IvVanieYsEHJImTKXGP6XCOjTwv2LUMos0YWc9O+QP8=
k8s.io/apimachinery v0.33.2/go.mod h1:BHW0YOu7n22fFv/JkYOEfkUYNRN0fj0BlvMFWA7b+SM=
k8s.io/client-go v0.33.2/go.mod h1:9mCgT4wROvL948w6f6ArJNb7yQd7QsvqavDeZHvNmHo=
sigs.k8s.io/controller-runtime v0.21.0/go.mod h1:OSg14+F65eWqIu4DceX7k/+QRAbTTvxeQSNSOQpukWM=
sigs.k8s.io/yaml v1.4.0/go.mod h1:Ejl7/uTz7PSA4eKMyQCUTnhZYNmLIl+5c2lQPGR2BPY=
